
Microsoft Visual Studio Solution File, Format Version 12.00
# Visual Studio 15
VisualStudioVersion = 15.0.28307.106
MinimumVisualStudioVersion = 10.0.40219.1
Project("{FAE04EC0-301F-11D3-BF4B-00C04F79EFBC}") = "PAC", "PAC\PAC.csproj", "{B10EFCF1-5E89-4C57-9716-2059AA5DFB6A}"
EndProject
Global
	GlobalSection(SolutionConfigurationPlatforms) = preSolution
		Debug|Any CPU = Debug|Any CPU
		Release|Any CPU = Release|Any CPU
	EndGlobalSection
	GlobalSection(ProjectConfigurationPlatforms) = postSolution
		{B10EFCF1-5E89-4C57-9716-2059AA5DFB6A}.Debug|Any CPU.ActiveCfg = Debug|Any CPU
		{B10EFCF1-5E89-4C57-9716-2059AA5DFB6A}.Debug|Any CPU.Build.0 = Debug|Any CPU
		{B10EFCF1-5E89-4C57-9716-2059AA5DFB6A}.Release|Any CPU.ActiveCfg = Release|Any CPU
		{B10EFCF1-5E89-4C57-9716-2059AA5DFB6A}.Release|Any CPU.Build.0 = Release|Any CPU
	EndGlobalSection
	GlobalSection(SolutionProperties) = preSolution
		HideSolutionNode = FALSE
	EndGlobalSection
	GlobalSection(ExtensibilityGlobals) = postSolution
		SolutionGuid = {441C619E-2078-4408-8277-BE90B59DFB55}
	EndGlobalSection
EndGlobal
